{
  "name": "hellp",
  "version": "1.0.0",
  "lockfileVersion": 1,
  "requires": true,
  "dependencies": {
    "lin-ui": {
      "version": "0.9.4",
      "resolved": "https://registry.npmjs.org/lin-ui/-/lin-ui-0.9.4.tgz",
      "integrity": "sha512-JS4U2ggpPHg9i9EKcSTO5rtFcFG+3qOL7Y8xFlrI7a3/46DLibsucz7WGIBsIvxJktzJreoS+j4tz6ZofL8/XQ=="
    },
    "weui-miniprogram": {
      "version": "1.1.1",
      "resolved": "https://registry.npmjs.org/weui-miniprogram/-/weui-miniprogram-1.1.1.tgz",
      "integrity": "sha512-C8UZTR4C90M/mpcR+NQc+c9prWz9ZuWvTgMtfkL6iNzM6Y20NIcepqRimTcmq+scDeVzptDMdk1iwvv5gVbanQ=="
    }
  }
}
